
Microsoft Visual Studio Solution File, Format Version 12.00
# Visual Studio Version 17
VisualStudioVersion = 17.7.34221.43
MinimumVisualStudioVersion = 10.0.40219.1
Project("{FAE04EC0-301F-11D3-BF4B-00C04F79EFBC}") = "Osnova", "Osnova\Osnova.csproj", "{611EAB25-E44C-486D-81CF-C5645B618492}"
EndProject
Project("{FAE04EC0-301F-11D3-BF4B-00C04F79EFBC}") = "PersonAssembly", "PersonAssembly\PersonAssembly.csproj", "{B983FF87-70DE-4E8E-9FCF-1859EFA10C20}"
EndProject
Project("{FAE04EC0-301F-11D3-BF4B-00C04F79EFBC}") = "StudentAssembly", "StudentAssembly\StudentAssembly.csproj", "{FADD1FB8-C12B-4D39-8FF2-51501F0911FA}"
EndProject
Project("{FAE04EC0-301F-11D3-BF4B-00C04F79EFBC}") = "TeacherAssembly", "TeacherAssembly\TeacherAssembly.csproj", "{9469F151-FF6C-40C4-BA26-141F84C06D62}"
EndProject
Project("{FAE04EC0-301F-11D3-BF4B-00C04F79EFBC}") = "StudentWithAdvisorAssembly", "StudentWithAdvisorAssembly\StudentWithAdvisorAssembly.csproj", "{CAD0ECD9-8182-4B01-A398-E6FC39E3081F}"
EndProject
Project("{FAE04EC0-301F-11D3-BF4B-00C04F79EFBC}") = "Dop10", "Dop10\Dop10.csproj", "{F6EB0AD4-799B-4667-88E4-3DBFAAEA8C18}"
EndProject
Global
	GlobalSection(SolutionConfigurationPlatforms) = preSolution
		Debug|Any CPU = Debug|Any CPU
		Release|Any CPU = Release|Any CPU
	EndGlobalSection
	GlobalSection(ProjectConfigurationPlatforms) = postSolution
		{611EAB25-E44C-486D-81CF-C5645B618492}.Debug|Any CPU.ActiveCfg = Debug|Any CPU
		{611EAB25-E44C-486D-81CF-C5645B618492}.Debug|Any CPU.Build.0 = Debug|Any CPU
		{611EAB25-E44C-486D-81CF-C5645B618492}.Release|Any CPU.ActiveCfg = Release|Any CPU
		{611EAB25-E44C-486D-81CF-C5645B618492}.Release|Any CPU.Build.0 = Release|Any CPU
		{B983FF87-70DE-4E8E-9FCF-1859EFA10C20}.Debug|Any CPU.ActiveCfg = Debug|Any CPU
		{B983FF87-70DE-4E8E-9FCF-1859EFA10C20}.Debug|Any CPU.Build.0 = Debug|Any CPU
		{B983FF87-70DE-4E8E-9FCF-1859EFA10C20}.Release|Any CPU.ActiveCfg = Release|Any CPU
		{B983FF87-70DE-4E8E-9FCF-1859EFA10C20}.Release|Any CPU.Build.0 = Release|Any CPU
		{FADD1FB8-C12B-4D39-8FF2-51501F0911FA}.Debug|Any CPU.ActiveCfg = Debug|Any CPU
		{FADD1FB8-C12B-4D39-8FF2-51501F0911FA}.Debug|Any CPU.Build.0 = Debug|Any CPU
		{FADD1FB8-C12B-4D39-8FF2-51501F0911FA}.Release|Any CPU.ActiveCfg = Release|Any CPU
		{FADD1FB8-C12B-4D39-8FF2-51501F0911FA}.Release|Any CPU.Build.0 = Release|Any CPU
		{9469F151-FF6C-40C4-BA26-141F84C06D62}.Debug|Any CPU.ActiveCfg = Debug|Any CPU
		{9469F151-FF6C-40C4-BA26-141F84C06D62}.Debug|Any CPU.Build.0 = Debug|Any CPU
		{9469F151-FF6C-40C4-BA26-141F84C06D62}.Release|Any CPU.ActiveCfg = Release|Any CPU
		{9469F151-FF6C-40C4-BA26-141F84C06D62}.Release|Any CPU.Build.0 = Release|Any CPU
		{CAD0ECD9-8182-4B01-A398-E6FC39E3081F}.Debug|Any CPU.ActiveCfg = Debug|Any CPU
		{CAD0ECD9-8182-4B01-A398-E6FC39E3081F}.Debug|Any CPU.Build.0 = Debug|Any CPU
		{CAD0ECD9-8182-4B01-A398-E6FC39E3081F}.Release|Any CPU.ActiveCfg = Release|Any CPU
		{CAD0ECD9-8182-4B01-A398-E6FC39E3081F}.Release|Any CPU.Build.0 = Release|Any CPU
		{F6EB0AD4-799B-4667-88E4-3DBFAAEA8C18}.Debug|Any CPU.ActiveCfg = Debug|Any CPU
		{F6EB0AD4-799B-4667-88E4-3DBFAAEA8C18}.Debug|Any CPU.Build.0 = Debug|Any CPU
		{F6EB0AD4-799B-4667-88E4-3DBFAAEA8C18}.Release|Any CPU.ActiveCfg = Release|Any CPU
		{F6EB0AD4-799B-4667-88E4-3DBFAAEA8C18}.Release|Any CPU.Build.0 = Release|Any CPU
	EndGlobalSection
	GlobalSection(SolutionProperties) = preSolution
		HideSolutionNode = FALSE
	EndGlobalSection
	GlobalSection(ExtensibilityGlobals) = postSolution
		SolutionGuid = {6847EC1B-2163-42AE-8AB0-217488DDA99C}
	EndGlobalSection
EndGlobal
